
Microsoft Visual Studio Solution File, Format Version 12.00
# Visual Studio 15
VisualStudioVersion = 15.0.28010.2019
MinimumVisualStudioVersion = 10.0.40219.1
Project("{FAE04EC0-301F-11D3-BF4B-00C04F79EFBC}") = "ABS_Web", "ABS_Web\ABS_Web.csproj", "{D59BC605-0E48-4535-A660-6EDD57DBC228}"
EndProject
Global
	GlobalSection(SolutionConfigurationPlatforms) = preSolution
		Debug|Any CPU = Debug|Any CPU
		Release|Any CPU = Release|Any CPU
	EndGlobalSection
	GlobalSection(ProjectConfigurationPlatforms) = postSolution
		{D59BC605-0E48-4535-A660-6EDD57DBC228}.Debug|Any CPU.ActiveCfg = Debug|Any CPU
		{D59BC605-0E48-4535-A660-6EDD57DBC228}.Debug|Any CPU.Build.0 = Debug|Any CPU
		{D59BC605-0E48-4535-A660-6EDD57DBC228}.Release|Any CPU.ActiveCfg = Release|Any CPU
		{D59BC605-0E48-4535-A660-6EDD57DBC228}.Release|Any CPU.Build.0 = Release|Any CPU
	EndGlobalSection
	GlobalSection(SolutionProperties) = preSolution
		HideSolutionNode = FALSE
	EndGlobalSection
	GlobalSection(ExtensibilityGlobals) = postSolution
		SolutionGuid = {3F8451B6-CF16-4226-BEF7-DC84849CC546}
	EndGlobalSection
EndGlobal
